{
  "name": "super-collapse",
  "lockfileVersion": 3,
  "requires": true,
  "packages": {
    "": {
      "dependencies": {
        "eventemitter3": "^5.0.1",
        "gsap": "^3.12.2",
        "nodemon": "^3.1.2",
        "pixi-sound": "^3.0.5",
        "pixi.js": "^7.2.4",
        "seedrandom": "^3.0.5"
      }
    },
    "node_modules/@pixi/color": {
      "version": "7.2.4",
      "resolved": "https://registry.npmjs.org/@pixi/color/-/color-7.2.4.tgz",
      "integrity": "sha512-B/+9JRcXe2uE8wQfsueFRPZVayF2VEMRB7XGeRAsWCryOX19nmWhv0Nt3nOU2rvzI0niz9XgugJXsB6vVmDFSg==",
      "dependencies": {
        "colord": "^2.9.3"
      }
    },
    "node_modules/@pixi/constants": {
      "version": "5.3.12",
      "resolved": "https://registry.npmjs.org/@pixi/constants/-/constants-5.3.12.tgz",
      "integrity": "sha512-UcuvZZ8cQu+ZC7ufLpKi8NfZX0FncPuxKd0Rf6u6pzO2SmHPq4C1moXYGDnkZjPFAjNYFFHC7chU+zolMtkL/g==",
      "peer": true
    },
    "node_modules/@pixi/core": {
      "version": "5.3.12",
      "resolved": "https://registry.npmjs.org/@pixi/core/-/core-5.3.12.tgz",
      "integrity": "sha512-SKZPU2mP4UE4trWOTcubGekKwopnotbyR2X8nb68wffBd1GzMoaxyakltfJF2oCV/ivrru/biP4CkW9K6MJ56g==",
      "peer": true,
      "dependencies": {
        "@pixi/constants": "5.3.12",
        "@pixi/math": "5.3.12",
        "@pixi/runner": "5.3.12",
        "@pixi/settings": "5.3.12",
        "@pixi/ticker": "5.3.12",
        "@pixi/utils": "5.3.12"
      },
      "funding": {
        "type": "opencollective",
        "url": "https://opencollective.com/pixijs"
      }
    },
    "node_modules/@pixi/extensions": {
      "version": "7.2.4",
      "resolved": "https://registry.npmjs.org/@pixi/extensions/-/extensions-7.2.4.tgz",
      "integrity": "sha512-Mnqv9scbL1ARD3QFKfOWs2aSVJJfP1dL8g5UiqGImYO3rZbz/9QCzXOeMVIZ5n3iaRyKMNhFFr84/zUja2H7Dw=="
    },
    "node_modules/@pixi/loaders": {
      "version": "5.3.12",
      "resolved": "https://registry.npmjs.org/@pixi/loaders/-/loaders-5.3.12.tgz",
      "integrity": "sha512-M56m1GKpCChFqSic9xrdtQOXFqwYMvGzDXNpsKIsQbkHooaJhUR5UxSPaNiGC4qWv0TO9w8ANouxeX2v6js4eg==",
      "peer": true,
      "dependencies": {
        "@pixi/core": "5.3.12",
        "@pixi/utils": "5.3.12",
        "resource-loader": "^3.0.1"
      }
    },
    "node_modules/@pixi/math": {
      "version": "5.3.12",
      "resolved": "https://registry.npmjs.org/@pixi/math/-/math-5.3.12.tgz",
      "integrity": "sha512-VMccUVKSRlLFTGQu6Z450q/W6LVibaFWEo2eSZZfxz+hwjlYiqRPx4heG++4Y6tGskZK7W8l8h+2ixjmo65FCg==",
      "peer": true
    },
    "node_modules/@pixi/runner": {
      "version": "5.3.12",
      "resolved": "https://registry.npmjs.org/@pixi/runner/-/runner-5.3.12.tgz",
      "integrity": "sha512-I5mXx4BiP8Bx5CFIXy3XV3ABYFXbIWaY6FxWsNFkySn0KUhizN7SarPdhFGs//hJuC54EH2FsKKNa98Lfc2nCQ==",
      "peer": true
    },
    "node_modules/@pixi/settings": {
      "version": "5.3.12",
      "resolved": "https://registry.npmjs.org/@pixi/settings/-/settings-5.3.12.tgz",
      "integrity": "sha512-tLAa8tpDGllgj88NMUQn2Obn9MFJfHNF/CKs8aBhfeZGU4yL4PZDtlI+tqaB1ITGl3xxyHmJK+qfmv5lJn+zyA==",
      "peer": true,
      "dependencies": {
        "ismobilejs": "^1.1.0"
      }
    },
    "node_modules/@pixi/ticker": {
      "version": "5.3.12",
      "resolved": "https://registry.npmjs.org/@pixi/ticker/-/ticker-5.3.12.tgz",
      "integrity": "sha512-YNYUj94XgogipYhPOjbdFBIsy7+U6KmolvK+Av1G88GDac5SDoALb1Nt6s23fd8HIz6b4YnabHOdXGz3zPir1Q==",
      "peer": true,
      "dependencies": {
        "@pixi/settings": "5.3.12"
      }
    },
    "node_modules/@pixi/utils": {
      "version": "5.3.12",
      "resolved": "https://registry.npmjs.org/@pixi/utils/-/utils-5.3.12.tgz",
      "integrity": "sha512-PU/L852YjVbTy/6fDKQtYji6Vqcwi5FZNIjK6JXKuDPF411QfJK3QBaEqJTrexzHlc9Odr0tYECjwtXkCUR02g==",
      "peer": true,
      "dependencies": {
        "@pixi/constants": "5.3.12",
        "@pixi/settings": "5.3.12",
        "earcut": "^2.1.5",
        "eventemitter3": "^3.1.0",
        "url": "^0.11.0"
      }
    },
    "node_modules/@pixi/utils/node_modules/eventemitter3": {
      "version": "3.1.2",
      "resolved": "https://registry.npmjs.org/eventemitter3/-/eventemitter3-3.1.2.tgz",
      "integrity": "sha512-tvtQIeLVHjDkJYnzf2dgVMxfuSGJeM/7UCG17TT4EumTfNtF+0nebF/4zWOIkCreAbtNqhGEboB6BWrwqNaw4Q==",
      "peer": true
    },
    "node_modules/@types/css-font-loading-module": {
      "version": "0.0.7",
      "resolved": "https://registry.npmjs.org/@types/css-font-loading-module/-/css-font-loading-module-0.0.7.tgz",
      "integrity": "sha512-nl09VhutdjINdWyXxHWN/w9zlNCfr60JUqJbd24YXUuCwgeL0TpFSdElCwb6cxfB6ybE19Gjj4g0jsgkXxKv1Q=="
    },
    "node_modules/@types/earcut": {
      "version": "2.1.1",
      "resolved": "https://registry.npmjs.org/@types/earcut/-/earcut-2.1.1.tgz",
      "integrity": "sha512-w8oigUCDjElRHRRrMvn/spybSMyX8MTkKA5Dv+tS1IE/TgmNZPqUYtvYBXGY8cieSE66gm+szeK+bnbxC2xHTQ=="
    },
    "node_modules/@types/offscreencanvas": {
      "version": "2019.7.1",
      "resolved": "https://registry.npmjs.org/@types/offscreencanvas/-/offscreencanvas-2019.7.1.tgz",
      "integrity": "sha512-+HSrJgjBW77ALieQdMJvXhRZUIRN1597L+BKvsyeiIlHHERnqjcuOLyodK3auJ3Y3zRezNKtKAhuQWYJfEgFHQ=="
    },
    "node_modules/anymatch": {
      "version": "3.1.3",
      "resolved": "https://registry.npmjs.org/anymatch/-/anymatch-3.1.3.tgz",
      "integrity": "sha512-KMReFUr0B4t+D+OBkjR3KYqvocp2XaSzO55UcB6mgQMd3KbcE+mWTyvVV7D/zsdEbNnV6acZUutkiHQXvTr1Rw==",
      "license": "ISC",
      "dependencies": {
        "normalize-path": "^3.0.0",
        "picomatch": "^2.0.4"
      },
      "engines": {
        "node": ">= 8"
      }
    },
    "node_modules/balanced-match": {
      "version": "1.0.2",
      "resolved": "https://registry.npmjs.org/balanced-match/-/balanced-match-1.0.2.tgz",
      "integrity": "sha512-3oSeUO0TMV67hN1AmbXsK4yaqU7tjiHlbxRDZOpH0KW9+CeX4bRAaX0Anxt0tx2MrpRpWwQaPwIlISEJhYU5Pw==",
      "license": "MIT"
    },
    "node_modules/binary-extensions": {
      "version": "2.3.0",
      "resolved": "https://registry.npmjs.org/binary-extensions/-/binary-extensions-2.3.0.tgz",
      "integrity": "sha512-Ceh+7ox5qe7LJuLHoY0feh3pHuUDHAcRUeyL2VYghZwfpkNIy/+8Ocg0a3UuSoYzavmylwuLWQOf3hl0jjMMIw==",
      "license": "MIT",
      "engines": {
        "node": ">=8"
      },
      "funding": {
        "url": "https://github.com/sponsors/sindresorhus"
      }
    },
    "node_modules/brace-expansion": {
      "version": "1.1.11",
      "resolved": "https://registry.npmjs.org/brace-expansion/-/brace-expansion-1.1.11.tgz",
      "integrity": "sha512-iCuPHDFgrHX7H2vEI/5xpz07zSHB00TpugqhmYtVmMO6518mCuRMoOYFldEBl0g187ufozdaHgWKcYFb61qGiA==",
      "license": "MIT",
      "dependencies": {
        "balanced-match": "^1.0.0",
        "concat-map": "0.0.1"
      }
    },
    "node_modules/braces": {
      "version": "3.0.3",
      "resolved": "https://registry.npmjs.org/braces/-/braces-3.0.3.tgz",
      "integrity": "sha512-yQbXgO/OSZVD2IsiLlro+7Hf6Q18EJrKSEsdoMzKePKXct3gvD8oLcOQdIzGupr5Fj+EDe8gO/lxc1BzfMpxvA==",
      "license": "MIT",
      "dependencies": {
        "fill-range": "^7.1.1"
      },
      "engines": {
        "node": ">=8"
      }
    },
    "node_modules/call-bind": {
      "version": "1.0.2",
      "resolved": "https://registry.npmjs.org/call-bind/-/call-bind-1.0.2.tgz",
      "integrity": "sha512-7O+FbCihrB5WGbFYesctwmTKae6rOiIzmz1icreWJ+0aA7LJfuqhEso2T9ncpcFtzMQtzXf2QGGueWJGTYsqrA==",
      "dependencies": {
        "function-bind": "^1.1.1",
        "get-intrinsic": "^1.0.2"
      },
      "funding": {
        "url": "https://github.com/sponsors/ljharb"
      }
    },
    "node_modules/chokidar": {
      "version": "3.6.0",
      "resolved": "https://registry.npmjs.org/chokidar/-/chokidar-3.6.0.tgz",
      "integrity": "sha512-7VT13fmjotKpGipCW9JEQAusEPE+Ei8nl6/g4FBAmIm0GOOLMua9NDDo/DWp0ZAxCr3cPq5ZpBqmPAQgDda2Pw==",
      "license": "MIT",
      "dependencies": {
        "anymatch": "~3.1.2",
        "braces": "~3.0.2",
        "glob-parent": "~5.1.2",
        "is-binary-path": "~2.1.0",
        "is-glob": "~4.0.1",
        "normalize-path": "~3.0.0",
        "readdirp": "~3.6.0"
      },
      "engines": {
        "node": ">= 8.10.0"
      },
      "funding": {
        "url": "https://paulmillr.com/funding/"
      },
      "optionalDependencies": {
        "fsevents": "~2.3.2"
      }
    },
    "node_modules/colord": {
      "version": "2.9.3",
      "resolved": "https://registry.npmjs.org/colord/-/colord-2.9.3.tgz",
      "integrity": "sha512-jeC1axXpnb0/2nn/Y1LPuLdgXBLH7aDcHu4KEKfqw3CUhX7ZpfBSlPKyqXE6btIgEzfWtrX3/tyBCaCvXvMkOw=="
    },
    "node_modules/concat-map": {
      "version": "0.0.1",
      "resolved": "https://registry.npmjs.org/concat-map/-/concat-map-0.0.1.tgz",
      "integrity": "sha512-/Srv4dswyQNBfohGpz9o6Yb3Gz3SrUDqBH5rTuhGR7ahtlbYKnVxw2bCFMRljaA7EXHaXZ8wsHdodFvbkhKmqg==",
      "license": "MIT"
    },
    "node_modules/debug": {
      "version": "4.3.4",
      "resolved": "https://registry.npmjs.org/debug/-/debug-4.3.4.tgz",
      "integrity": "sha512-PRWFHuSU3eDtQJPvnNY7Jcket1j0t5OuOsFzPPzsekD52Zl8qUfFIPEiswXqIvHWGVHOgX+7G/vCNNhehwxfkQ==",
      "license": "MIT",
      "dependencies": {
        "ms": "2.1.2"
      },
      "engines": {
        "node": ">=6.0"
      },
      "peerDependenciesMeta": {
        "supports-color": {
          "optional": true
        }
      }
    },
    "node_modules/earcut": {
      "version": "2.2.4",
      "resolved": "https://registry.npmjs.org/earcut/-/earcut-2.2.4.tgz",
      "integrity": "sha512-/pjZsA1b4RPHbeWZQn66SWS8nZZWLQQ23oE3Eam7aroEFGEvwKAsJfZ9ytiEMycfzXWpca4FA9QIOehf7PocBQ=="
    },
    "node_modules/eventemitter3": {
      "version": "5.0.1",
      "resolved": "https://registry.npmjs.org/eventemitter3/-/eventemitter3-5.0.1.tgz",
      "integrity": "sha512-GWkBvjiSZK87ELrYOSESUYeVIc9mvLLf/nXalMOS5dYrgZq9o5OVkbZAVM06CVxYsCwH9BDZFPlQTlPA1j4ahA=="
    },
    "node_modules/fill-range": {
      "version": "7.1.1",
      "resolved": "https://registry.npmjs.org/fill-range/-/fill-range-7.1.1.tgz",
      "integrity": "sha512-YsGpe3WHLK8ZYi4tWDg2Jy3ebRz2rXowDxnld4bkQB00cc/1Zw9AWnC0i9ztDJitivtQvaI9KaLyKrc+hBW0yg==",
      "license": "MIT",
      "dependencies": {
        "to-regex-range": "^5.0.1"
      },
      "engines": {
        "node": ">=8"
      }
    },
    "node_modules/fsevents": {
      "version": "2.3.3",
      "resolved": "https://registry.npmjs.org/fsevents/-/fsevents-2.3.3.tgz",
      "integrity": "sha512-5xoDfX+fL7faATnagmWPpbFtwh/R77WmMMqqHGS65C3vvB0YHrgF+B1YmZ3441tMj5n63k0212XNoJwzlhffQw==",
      "hasInstallScript": true,
      "license": "MIT",
      "optional": true,
      "os": [
        "darwin"
      ],
      "engines": {
        "node": "^8.16.0 || ^10.6.0 || >=11.0.0"
      }
    },
    "node_modules/function-bind": {
      "version": "1.1.1",
      "resolved": "https://registry.npmjs.org/function-bind/-/function-bind-1.1.1.tgz",
      "integrity": "sha512-yIovAzMX49sF8Yl58fSCWJ5svSLuaibPxXQJFLmBObTuCr0Mf1KiPopGM9NiFjiYBCbfaa2Fh6breQ6ANVTI0A=="
    },
    "node_modules/get-intrinsic": {
      "version": "1.2.1",
      "resolved": "https://registry.npmjs.org/get-intrinsic/-/get-intrinsic-1.2.1.tgz",
      "integrity": "sha512-2DcsyfABl+gVHEfCOaTrWgyt+tb6MSEGmKq+kI5HwLbIYgjgmMcV8KQ41uaKz1xxUcn9tJtgFbQUEVcEbd0FYw==",
      "dependencies": {
        "function-bind": "^1.1.1",
        "has": "^1.0.3",
        "has-proto": "^1.0.1",
        "has-symbols": "^1.0.3"
      },
      "funding": {
        "url": "https://github.com/sponsors/ljharb"
      }
    },
    "node_modules/glob-parent": {
      "version": "5.1.2",
      "resolved": "https://registry.npmjs.org/glob-parent/-/glob-parent-5.1.2.tgz",
      "integrity": "sha512-AOIgSQCepiJYwP3ARnGx+5VnTu2HBYdzbGP45eLw1vr3zB3vZLeyed1sC9hnbcOc9/SrMyM5RPQrkGz4aS9Zow==",
      "license": "ISC",
      "dependencies": {
        "is-glob": "^4.0.1"
      },
      "engines": {
        "node": ">= 6"
      }
    },
    "node_modules/gsap": {
      "version": "3.12.2",
      "resolved": "https://registry.npmjs.org/gsap/-/gsap-3.12.2.tgz",
      "integrity": "sha512-EkYnpG8qHgYBFAwsgsGEqvT1WUidX0tt/ijepx7z8EUJHElykg91RvW1XbkT59T0gZzzszOpjQv7SE41XuIXyQ=="
    },
    "node_modules/has": {
      "version": "1.0.3",
      "resolved": "https://registry.npmjs.org/has/-/has-1.0.3.tgz",
      "integrity": "sha512-f2dvO0VU6Oej7RkWJGrehjbzMAjFp5/VKPp5tTpWIV4JHHZK1/BxbFRtf/siA2SWTe09caDmVtYYzWEIbBS4zw==",
      "dependencies": {
        "function-bind": "^1.1.1"
      },
      "engines": {
        "node": ">= 0.4.0"
      }
    },
    "node_modules/has-flag": {
      "version": "3.0.0",
      "resolved": "https://registry.npmjs.org/has-flag/-/has-flag-3.0.0.tgz",
      "integrity": "sha512-sKJf1+ceQBr4SMkvQnBDNDtf4TXpVhVGateu0t918bl30FnbE2m4vNLX+VWe/dpjlb+HugGYzW7uQXH98HPEYw==",
      "license": "MIT",
      "engines": {
        "node": ">=4"
      }
    },
    "node_modules/has-proto": {
      "version": "1.0.1",
      "resolved": "https://registry.npmjs.org/has-proto/-/has-proto-1.0.1.tgz",
      "integrity": "sha512-7qE+iP+O+bgF9clE5+UoBFzE65mlBiVj3tKCrlNQ0Ogwm0BjpT/gK4SlLYDMybDh5I3TCTKnPPa0oMG7JDYrhg==",
      "engines": {
        "node": ">= 0.4"
      },
      "funding": {
        "url": "https://github.com/sponsors/ljharb"
      }
    },
    "node_modules/has-symbols": {
      "version": "1.0.3",
      "resolved": "https://registry.npmjs.org/has-symbols/-/has-symbols-1.0.3.tgz",
      "integrity": "sha512-l3LCuF6MgDNwTDKkdYGEihYjt5pRPbEg46rtlmnSPlUbgmB8LOIrKJbYYFBSbnPaJexMKtiPO8hmeRjRz2Td+A==",
      "engines": {
        "node": ">= 0.4"
      },
      "funding": {
        "url": "https://github.com/sponsors/ljharb"
      }
    },
    "node_modules/ignore-by-default": {
      "version": "1.0.1",
      "resolved": "https://registry.npmjs.org/ignore-by-default/-/ignore-by-default-1.0.1.tgz",
      "integrity": "sha512-Ius2VYcGNk7T90CppJqcIkS5ooHUZyIQK+ClZfMfMNFEF9VSE73Fq+906u/CWu92x4gzZMWOwfFYckPObzdEbA==",
      "license": "ISC"
    },
    "node_modules/is-binary-path": {
      "version": "2.1.0",
      "resolved": "https://registry.npmjs.org/is-binary-path/-/is-binary-path-2.1.0.tgz",
      "integrity": "sha512-ZMERYes6pDydyuGidse7OsHxtbI7WVeUEozgR/g7rd0xUimYNlvZRE/K2MgZTjWy725IfelLeVcEM97mmtRGXw==",
      "license": "MIT",
      "dependencies": {
        "binary-extensions": "^2.0.0"
      },
      "engines": {
        "node": ">=8"
      }
    },
    "node_modules/is-extglob": {
      "version": "2.1.1",
      "resolved": "https://registry.npmjs.org/is-extglob/-/is-extglob-2.1.1.tgz",
      "integrity": "sha512-SbKbANkN603Vi4jEZv49LeVJMn4yGwsbzZworEoyEiutsN3nJYdbO36zfhGJ6QEDpOZIFkDtnq5JRxmvl3jsoQ==",
      "license": "MIT",
      "engines": {
        "node": ">=0.10.0"
      }
    },
    "node_modules/is-glob": {
      "version": "4.0.3",
      "resolved": "https://registry.npmjs.org/is-glob/-/is-glob-4.0.3.tgz",
      "integrity": "sha512-xelSayHH36ZgE7ZWhli7pW34hNbNl8Ojv5KVmkJD4hBdD3th8Tfk9vYasLM+mXWOZhFkgZfxhLSnrwRr4elSSg==",
      "license": "MIT",
      "dependencies": {
        "is-extglob": "^2.1.1"
      },
      "engines": {
        "node": ">=0.10.0"
      }
    },
    "node_modules/is-number": {
      "version": "7.0.0",
      "resolved": "https://registry.npmjs.org/is-number/-/is-number-7.0.0.tgz",
      "integrity": "sha512-41Cifkg6e8TylSpdtTpeLVMqvSBEVzTttHvERD741+pnZ8ANv0004MRL43QKPDlK9cGvNp6NZWZUBlbGXYxxng==",
      "license": "MIT",
      "engines": {
        "node": ">=0.12.0"
      }
    },
    "node_modules/ismobilejs": {
      "version": "1.1.1",
      "resolved": "https://registry.npmjs.org/ismobilejs/-/ismobilejs-1.1.1.tgz",
      "integrity": "sha512-VaFW53yt8QO61k2WJui0dHf4SlL8lxBofUuUmwBo0ljPk0Drz2TiuDW4jo3wDcv41qy/SxrJ+VAzJ/qYqsmzRw=="
    },
    "node_modules/mini-signals": {
      "version": "1.2.0",
      "resolved": "https://registry.npmjs.org/mini-signals/-/mini-signals-1.2.0.tgz",
      "integrity": "sha512-alffqMkGCjjTSwvYMVLx+7QeJ6sTuxbXqBkP21my4iWU5+QpTQAJt3h7htA1OKm9F3BpMM0vnu72QIoiJakrLA==",
      "peer": true
    },
    "node_modules/minimatch": {
      "version": "3.1.2",
      "resolved": "https://registry.npmjs.org/minimatch/-/minimatch-3.1.2.tgz",
      "integrity": "sha512-J7p63hRiAjw1NDEww1W7i37+ByIrOWO5XQQAzZ3VOcL0PNybwpfmV/N05zFAzwQ9USyEcX6t3UO+K5aqBQOIHw==",
      "license": "ISC",
      "dependencies": {
        "brace-expansion": "^1.1.7"
      },
      "engines": {
        "node": "*"
      }
    },
    "node_modules/ms": {
      "version": "2.1.2",
      "resolved": "https://registry.npmjs.org/ms/-/ms-2.1.2.tgz",
      "integrity": "sha512-sGkPx+VjMtmA6MX27oA4FBFELFCZZ4S4XqeGOXCv68tT+jb3vk/RyaKWP0PTKyWtmLSM0b+adUTEvbs1PEaH2w==",
      "license": "MIT"
    },
    "node_modules/nodemon": {
      "version": "3.1.2",
      "resolved": "https://registry.npmjs.org/nodemon/-/nodemon-3.1.2.tgz",
      "integrity": "sha512-/Ib/kloefDy+N0iRTxIUzyGcdW9lzlnca2Jsa5w73bs3npXjg+WInmiX6VY13mIb6SykkthYX/U5t0ukryGqBw==",
      "license": "MIT",
      "dependencies": {
        "chokidar": "^3.5.2",
        "debug": "^4",
        "ignore-by-default": "^1.0.1",
        "minimatch": "^3.1.2",
        "pstree.remy": "^1.1.8",
        "semver": "^7.5.3",
        "simple-update-notifier": "^2.0.0",
        "supports-color": "^5.5.0",
        "touch": "^3.1.0",
        "undefsafe": "^2.0.5"
      },
      "bin": {
        "nodemon": "bin/nodemon.js"
      },
      "engines": {
        "node": ">=10"
      },
      "funding": {
        "type": "opencollective",
        "url": "https://opencollective.com/nodemon"
      }
    },
    "node_modules/normalize-path": {
      "version": "3.0.0",
      "resolved": "https://registry.npmjs.org/normalize-path/-/normalize-path-3.0.0.tgz",
      "integrity": "sha512-6eZs5Ls3WtCisHWp9S2GUy8dqkpGi4BVSz3GaqiE6ezub0512ESztXUwUB6C6IKbQkY2Pnb/mD4WYojCRwcwLA==",
      "license": "MIT",
      "engines": {
        "node": ">=0.10.0"
      }
    },
    "node_modules/object-inspect": {
      "version": "1.12.3",
      "resolved": "https://registry.npmjs.org/object-inspect/-/object-inspect-1.12.3.tgz",
      "integrity": "sha512-geUvdk7c+eizMNUDkRpW1wJwgfOiOeHbxBR/hLXK1aT6zmVSO0jsQcs7fj6MGw89jC/cjGfLcNOrtMYtGqm81g==",
      "funding": {
        "url": "https://github.com/sponsors/ljharb"
      }
    },
    "node_modules/parse-uri": {
      "version": "1.0.8",
      "resolved": "https://registry.npmjs.org/parse-uri/-/parse-uri-1.0.8.tgz",
      "integrity": "sha512-SXjDldaQ7dvRBqU9m6HFcfaJZf0enJk+LD+whx+Fq3Jp9AzYEIsor5WUYxdVwW/GyN7TTNna3SGqYdww0AbTuQ==",
      "peer": true,
      "engines": {
        "node": ">= 0.10"
      }
    },
    "node_modules/picomatch": {
      "version": "2.3.1",
      "resolved": "https://registry.npmjs.org/picomatch/-/picomatch-2.3.1.tgz",
      "integrity": "sha512-JU3teHTNjmE2VCGFzuY8EXzCDVwEqB2a8fsIvwaStHhAWJEeVd1o1QD80CU6+ZdEXXSLbSsuLwJjkCBWqRQUVA==",
      "license": "MIT",
      "engines": {
        "node": ">=8.6"
      },
      "funding": {
        "url": "https://github.com/sponsors/jonschlinkert"
      }
    },
    "node_modules/pixi-sound": {
      "version": "3.0.5",
      "resolved": "https://registry.npmjs.org/pixi-sound/-/pixi-sound-3.0.5.tgz",
      "integrity": "sha512-I3qDfaDI3xSwMuH8ZbhIyoZiRv0jEDxR60D2rBZTTvlK5owxo5Sx4vDaQlrIyETilTU0xvBtiwh7fPGKBOsCTw==",
      "deprecated": "package renamed to @pixi/sound",
      "peerDependencies": {
        "@pixi/core": "^5.0.2",
        "@pixi/loaders": "^5.0.2",
        "@pixi/ticker": "^5.0.1",
        "@pixi/utils": "^5.0.1"
      }
    },
    "node_modules/pixi.js": {
      "version": "7.2.4",
      "resolved": "https://registry.npmjs.org/pixi.js/-/pixi.js-7.2.4.tgz",
      "integrity": "sha512-nBH60meoLnHxoMFz17HoMxXS4uJpG5jwIdL+Gx2S11TzWgP3iKF+/WLOTrkSdyuQoQSdIBxVqpnYii0Wiox15A==",
      "dependencies": {
        "@pixi/accessibility": "7.2.4",
        "@pixi/app": "7.2.4",
        "@pixi/assets": "7.2.4",
        "@pixi/compressed-textures": "7.2.4",
        "@pixi/core": "7.2.4",
        "@pixi/display": "7.2.4",
        "@pixi/events": "7.2.4",
        "@pixi/extensions": "7.2.4",
        "@pixi/extract": "7.2.4",
        "@pixi/filter-alpha": "7.2.4",
        "@pixi/filter-blur": "7.2.4",
        "@pixi/filter-color-matrix": "7.2.4",
        "@pixi/filter-displacement": "7.2.4",
        "@pixi/filter-fxaa": "7.2.4",
        "@pixi/filter-noise": "7.2.4",
        "@pixi/graphics": "7.2.4",
        "@pixi/mesh": "7.2.4",
        "@pixi/mesh-extras": "7.2.4",
        "@pixi/mixin-cache-as-bitmap": "7.2.4",
        "@pixi/mixin-get-child-by-name": "7.2.4",
        "@pixi/mixin-get-global-position": "7.2.4",
        "@pixi/particle-container": "7.2.4",
        "@pixi/prepare": "7.2.4",
        "@pixi/sprite": "7.2.4",
        "@pixi/sprite-animated": "7.2.4",
        "@pixi/sprite-tiling": "7.2.4",
        "@pixi/spritesheet": "7.2.4",
        "@pixi/text": "7.2.4",
        "@pixi/text-bitmap": "7.2.4",
        "@pixi/text-html": "7.2.4"
      },
      "funding": {
        "type": "opencollective",
        "url": "https://opencollective.com/pixijs"
      }
    },
    "node_modules/pixi.js/node_modules/@pixi/accessibility": {
      "version": "7.2.4",
      "resolved": "https://registry.npmjs.org/@pixi/accessibility/-/accessibility-7.2.4.tgz",
      "integrity": "sha512-EVjuqUqv9FeYFXCv0S0qj1hgCtbAMNBPCbOGEtiMogpM++/IySxBZvcOYg3rRgo9inwt2s4Bi7kUiqMPD8hItw==",
      "peerDependencies": {
        "@pixi/core": "7.2.4",
        "@pixi/display": "7.2.4",
        "@pixi/events": "7.2.4"
      }
    },
    "node_modules/pixi.js/node_modules/@pixi/app": {
      "version": "7.2.4",
      "resolved": "https://registry.npmjs.org/@pixi/app/-/app-7.2.4.tgz",
      "integrity": "sha512-eJ2jpu5P28ip07nLItw6sETXn45P4KR/leMJ6zPHRlhT1m8t5zTsWr3jK4Uj8LF2E+6KlPNzLQh5Alf/unn/aQ==",
      "peerDependencies": {
        "@pixi/core": "7.2.4",
        "@pixi/display": "7.2.4"
      }
    },
    "node_modules/pixi.js/node_modules/@pixi/assets": {
      "version": "7.2.4",
      "resolved": "https://registry.npmjs.org/@pixi/assets/-/assets-7.2.4.tgz",
      "integrity": "sha512-7199re3wvMAlVqXLaCyAr8IkJSXqkeVAxcYyB2rBu4Id5m2hhlGX1dQsdMBiCXLwu6/LLVqDvJggSNVQBzL6ZQ==",
      "dependencies": {
        "@types/css-font-loading-module": "^0.0.7"
      },
      "peerDependencies": {
        "@pixi/core": "7.2.4",
        "@pixi/utils": "7.2.4"
      }
    },
    "node_modules/pixi.js/node_modules/@pixi/compressed-textures": {
      "version": "7.2.4",
      "resolved": "https://registry.npmjs.org/@pixi/compressed-textures/-/compressed-textures-7.2.4.tgz",
      "integrity": "sha512-atnWyw/ot/Wg69qhgskKiuTYCZx15IxV35sa0KyXMthyjyvDLCIvOn0nczM6wCBy9H96SjJbfgynVWhVrip6qw==",
      "peerDependencies": {
        "@pixi/assets": "7.2.4",
        "@pixi/core": "7.2.4"
      }
    },
    "node_modules/pixi.js/node_modules/@pixi/constants": {
      "version": "7.2.4",
      "resolved": "https://registry.npmjs.org/@pixi/constants/-/constants-7.2.4.tgz",
      "integrity": "sha512-hKuHBWR6N4Q0Sf5MGF3/9l+POg/G5rqhueHfzofiuelnKg7aBs3BVjjZ+6hZbd6M++vOUmxYelEX/NEFBxrheA=="
    },
    "node_modules/pixi.js/node_modules/@pixi/core": {
      "version": "7.2.4",
      "resolved": "https://registry.npmjs.org/@pixi/core/-/core-7.2.4.tgz",
      "integrity": "sha512-0XtvrfxHlS2T+beBBSpo7GI8+QLyyTqMVQpNmPqB4woYxzrOEJ9JaUFBaBfCvycLeUkfVih1u6HAbtF+2d1EjQ==",
      "dependencies": {
        "@pixi/color": "7.2.4",
        "@pixi/constants": "7.2.4",
        "@pixi/extensions": "7.2.4",
        "@pixi/math": "7.2.4",
        "@pixi/runner": "7.2.4",
        "@pixi/settings": "7.2.4",
        "@pixi/ticker": "7.2.4",
        "@pixi/utils": "7.2.4",
        "@types/offscreencanvas": "^2019.6.4"
      },
      "funding": {
        "type": "opencollective",
        "url": "https://opencollective.com/pixijs"
      }
    },
    "node_modules/pixi.js/node_modules/@pixi/display": {
      "version": "7.2.4",
      "resolved": "https://registry.npmjs.org/@pixi/display/-/display-7.2.4.tgz",
      "integrity": "sha512-w5tqb8cWEO5qIDaO9GEqRvxYhL0iMk0Wsngw23bbLm1gLEQmrFkB2tpJlRAqd7H82C3DrDDeWvkrrxW6+m4apg==",
      "peerDependencies": {
        "@pixi/core": "7.2.4"
      }
    },
    "node_modules/pixi.js/node_modules/@pixi/events": {
      "version": "7.2.4",
      "resolved": "https://registry.npmjs.org/@pixi/events/-/events-7.2.4.tgz",
      "integrity": "sha512-/JtmoB98fzIU8giN9xvlRvmvOi6u4MaD2DnKNOMHkQ1MBraj3pmrXM9fZ0JbNzi+324GraAAY76QidgHjIYoYQ==",
      "peerDependencies": {
        "@pixi/core": "7.2.4",
        "@pixi/display": "7.2.4"
      }
    },
    "node_modules/pixi.js/node_modules/@pixi/extract": {
      "version": "7.2.4",
      "resolved": "https://registry.npmjs.org/@pixi/extract/-/extract-7.2.4.tgz",
      "integrity": "sha512-wlXZg+J2L/1jQhRi5nZQP/cXshovhjksjss91eAKMvY5aGxNAQovCP4xotJ/XJjfTvPMpeRzHPFYzm3PrOPQ7g==",
      "peerDependencies": {
        "@pixi/core": "7.2.4"
      }
    },
    "node_modules/pixi.js/node_modules/@pixi/filter-alpha": {
      "version": "7.2.4",
      "resolved": "https://registry.npmjs.org/@pixi/filter-alpha/-/filter-alpha-7.2.4.tgz",
      "integrity": "sha512-UTUMSGyktUr+I9vmigqJo9iUhb0nwGyqTTME2xBWZvVGCnl5z+/wHxvIBBCe5pNZ66IM15pGXQ4cDcfqCuP2kA==",
      "peerDependencies": {
        "@pixi/core": "7.2.4"
      }
    },
    "node_modules/pixi.js/node_modules/@pixi/filter-blur": {
      "version": "7.2.4",
      "resolved": "https://registry.npmjs.org/@pixi/filter-blur/-/filter-blur-7.2.4.tgz",
      "integrity": "sha512-aLyXIoxy14bTansCPtbY8x7Sdn2OrrqkF/pcKiRXHJGGhi7wPacvB/NcmYJdnI/n2ExQ6V5Njuj/nfrsejVwcA==",
      "peerDependencies": {
        "@pixi/core": "7.2.4"
      }
    },
    "node_modules/pixi.js/node_modules/@pixi/filter-color-matrix": {
      "version": "7.2.4",
      "resolved": "https://registry.npmjs.org/@pixi/filter-color-matrix/-/filter-color-matrix-7.2.4.tgz",
      "integrity": "sha512-DFtayybYXoUh73eHUFRK5REbi1t3FZuVUnaQTj+euHKF9L7EaYc3Q9wctpx1WPRcwkqEX50M4SNFhxpA7Pxtaw==",
      "peerDependencies": {
        "@pixi/core": "7.2.4"
      }
    },
    "node_modules/pixi.js/node_modules/@pixi/filter-displacement": {
      "version": "7.2.4",
      "resolved": "https://registry.npmjs.org/@pixi/filter-displacement/-/filter-displacement-7.2.4.tgz",
      "integrity": "sha512-Simq3IBJKt7+Gvk4kK7OFkfoeYUMhNhIyATCdeT+Jkdkq5WV7pYnH5hqO0YW7eAHrgjV13yn6t4H/GC4+6LhEA==",
      "peerDependencies": {
        "@pixi/core": "7.2.4"
      }
    },
    "node_modules/pixi.js/node_modules/@pixi/filter-fxaa": {
      "version": "7.2.4",
      "resolved": "https://registry.npmjs.org/@pixi/filter-fxaa/-/filter-fxaa-7.2.4.tgz",
      "integrity": "sha512-qzKjdL+Ih18uGTJLg8tT/H+YCsTeGkw2uF7lyKnw/lxGLJQhLWIhM95M9qSNgxbXyW1vp7SbG81a9aAEz2HAhA==",
      "peerDependencies": {
        "@pixi/core": "7.2.4"
      }
    },
    "node_modules/pixi.js/node_modules/@pixi/filter-noise": {
      "version": "7.2.4",
      "resolved": "https://registry.npmjs.org/@pixi/filter-noise/-/filter-noise-7.2.4.tgz",
      "integrity": "sha512-QAU9Ybj2ZQrWM9ZEjTTC0iLnQcuyNoZNRinxSbg1G0yacpmsSb9wvV5ltIZ66+hfY+90+u2Nudt/v9g6pvOdGg==",
      "peerDependencies": {
        "@pixi/core": "7.2.4"
      }
    },
    "node_modules/pixi.js/node_modules/@pixi/graphics": {
      "version": "7.2.4",
      "resolved": "https://registry.npmjs.org/@pixi/graphics/-/graphics-7.2.4.tgz",
      "integrity": "sha512-3A2EumTjWJgXlDLOyuBrl9b6v1Za/E+/IjOGUIX843HH4NYaf1a2sfDfljx6r3oiDvy+VhuBFmgynRcV5IyA0Q==",
      "peerDependencies": {
        "@pixi/core": "7.2.4",
        "@pixi/display": "7.2.4",
        "@pixi/sprite": "7.2.4"
      }
    },
    "node_modules/pixi.js/node_modules/@pixi/math": {
      "version": "7.2.4",
      "resolved": "https://registry.npmjs.org/@pixi/math/-/math-7.2.4.tgz",
      "integrity": "sha512-LJB+mozyEPllxa0EssFZrKNfVwysfaBun4b2dJKQQInp0DafgbA0j7A+WVg0oe51KhFULTJMpDqbLn/ITFc41A=="
    },
    "node_modules/pixi.js/node_modules/@pixi/mesh": {
      "version": "7.2.4",
      "resolved": "https://registry.npmjs.org/@pixi/mesh/-/mesh-7.2.4.tgz",
      "integrity": "sha512-wiALIqcRKib2BqeH9kOA5fOKWN352nqAspgbDa8gA7OyWzmNwqIedIlElixd0oLFOrIN5jOZAdzeKnoYQlt9Aw==",
      "peerDependencies": {
        "@pixi/core": "7.2.4",
        "@pixi/display": "7.2.4"
      }
    },
    "node_modules/pixi.js/node_modules/@pixi/mesh-extras": {
      "version": "7.2.4",
      "resolved": "https://registry.npmjs.org/@pixi/mesh-extras/-/mesh-extras-7.2.4.tgz",
      "integrity": "sha512-Lxqq/1E2EmDgjZX8KzjhBy3VvITIQ00arr2ikyHYF1d0XtQTKEYpr8VKzhchqZ5/9DuyTDbDMYGhcxoNXQmZrQ==",
      "peerDependencies": {
        "@pixi/core": "7.2.4",
        "@pixi/mesh": "7.2.4"
      }
    },
    "node_modules/pixi.js/node_modules/@pixi/mixin-cache-as-bitmap": {
      "version": "7.2.4",
      "resolved": "https://registry.npmjs.org/@pixi/mixin-cache-as-bitmap/-/mixin-cache-as-bitmap-7.2.4.tgz",
      "integrity": "sha512-95L/9nzfLHw6GoeqqRl/RjSloKvRt0xrc2inCmjMZvMsFUEtHN2F8IWd1k5vcv0S+83NCreFkJg6nJm1m5AZqg==",
      "peerDependencies": {
        "@pixi/core": "7.2.4",
        "@pixi/display": "7.2.4",
        "@pixi/sprite": "7.2.4"
      }
    },
    "node_modules/pixi.js/node_modules/@pixi/mixin-get-child-by-name": {
      "version": "7.2.4",
      "resolved": "https://registry.npmjs.org/@pixi/mixin-get-child-by-name/-/mixin-get-child-by-name-7.2.4.tgz",
      "integrity": "sha512-9g17KgSBEEhkinnKk4dqmxagzHOCPSTvGB6lOopBq4yyXmr/2WVv+QGjuzE0O+p80szQeBJjPBQxzrfBILaSRw==",
      "peerDependencies": {
        "@pixi/display": "7.2.4"
      }
    },
    "node_modules/pixi.js/node_modules/@pixi/mixin-get-global-position": {
      "version": "7.2.4",
      "resolved": "https://registry.npmjs.org/@pixi/mixin-get-global-position/-/mixin-get-global-position-7.2.4.tgz",
      "integrity": "sha512-UrAUF2BXCeWtFgR2m+er41Ky7zShT7r228cZkB6ZfYwMeThhwqG5mH68UeCyP6p68JMpT1gjI2DPfeSRY3ecnA==",
      "peerDependencies": {
        "@pixi/core": "7.2.4",
        "@pixi/display": "7.2.4"
      }
    },
    "node_modules/pixi.js/node_modules/@pixi/particle-container": {
      "version": "7.2.4",
      "resolved": "https://registry.npmjs.org/@pixi/particle-container/-/particle-container-7.2.4.tgz",
      "integrity": "sha512-tpSzilZGFtAoi8XhzL0TecLPNRQAbY8nWV9XNGXJDw+nxXp18GCe8L6eEmnHLlAug67BRHl65DtrdvTknPX+4g==",
      "peerDependencies": {
        "@pixi/core": "7.2.4",
        "@pixi/display": "7.2.4",
        "@pixi/sprite": "7.2.4"
      }
    },
    "node_modules/pixi.js/node_modules/@pixi/prepare": {
      "version": "7.2.4",
      "resolved": "https://registry.npmjs.org/@pixi/prepare/-/prepare-7.2.4.tgz",
      "integrity": "sha512-Yff5Sh4kTLdKc5VkkM44LW9gpj7Izw8ns3P1TzWxqeGjzPZ3folr/tQujGL+Qw+8A9VESp+hX9MSIHyw+jpyrg==",
      "peerDependencies": {
        "@pixi/core": "7.2.4",
        "@pixi/display": "7.2.4",
        "@pixi/graphics": "7.2.4",
        "@pixi/text": "7.2.4"
      }
    },
    "node_modules/pixi.js/node_modules/@pixi/runner": {
      "version": "7.2.4",
      "resolved": "https://registry.npmjs.org/@pixi/runner/-/runner-7.2.4.tgz",
      "integrity": "sha512-YtyqPk1LA+0guEFKSFx6t/YSvbEQwajFwi4Ft8iDhioa6VK2MmTir1GjWwy7JQYLcDmYSAcQjnmFtVTZohyYSw=="
    },
    "node_modules/pixi.js/node_modules/@pixi/settings": {
      "version": "7.2.4",
      "resolved": "https://registry.npmjs.org/@pixi/settings/-/settings-7.2.4.tgz",
      "integrity": "sha512-ZPKRar9EwibijGmH8EViu4Greq1I/O7V/xQx2rNqN23XA7g09Qo6yfaeQpufu5xl8+/lZrjuHtQSnuY7OgG1CA==",
      "dependencies": {
        "@pixi/constants": "7.2.4",
        "@types/css-font-loading-module": "^0.0.7",
        "ismobilejs": "^1.1.0"
      }
    },
    "node_modules/pixi.js/node_modules/@pixi/sprite": {
      "version": "7.2.4",
      "resolved": "https://registry.npmjs.org/@pixi/sprite/-/sprite-7.2.4.tgz",
      "integrity": "sha512-DhR1B+/d0eXpxHIesJMXcVPrKFwQ+zRA1LvEIFfzewqfaRN3X6PMIuoKX8SIb6tl+Hq8Ba9Pe28zI7d2rmRzrA==",
      "peerDependencies": {
        "@pixi/core": "7.2.4",
        "@pixi/display": "7.2.4"
      }
    },
    "node_modules/pixi.js/node_modules/@pixi/sprite-animated": {
      "version": "7.2.4",
      "resolved": "https://registry.npmjs.org/@pixi/sprite-animated/-/sprite-animated-7.2.4.tgz",
      "integrity": "sha512-9eRriPSC0QVS7U9zQlrG3uEI5+h3fi+mqofXy+yjk1sGCmXSIJME5p2wg2mzxoJk3qkSMagQA9QHtL26Fti8Iw==",
      "peerDependencies": {
        "@pixi/core": "7.2.4",
        "@pixi/sprite": "7.2.4"
      }
    },
    "node_modules/pixi.js/node_modules/@pixi/sprite-tiling": {
      "version": "7.2.4",
      "resolved": "https://registry.npmjs.org/@pixi/sprite-tiling/-/sprite-tiling-7.2.4.tgz",
      "integrity": "sha512-nGfxQoACRx49dUN0oW1vFm3141M+7gkAbzoNJym2Pljd2dpLME9fb5E6Lyahu0yWMaPRhhGorn6z9VIGmTF3Jw==",
      "peerDependencies": {
        "@pixi/core": "7.2.4",
        "@pixi/display": "7.2.4",
        "@pixi/sprite": "7.2.4"
      }
    },
    "node_modules/pixi.js/node_modules/@pixi/spritesheet": {
      "version": "7.2.4",
      "resolved": "https://registry.npmjs.org/@pixi/spritesheet/-/spritesheet-7.2.4.tgz",
      "integrity": "sha512-LNmlavyiMQeCF0U4S+yhzxUYmPmat6EpLjLnkGukQTZV5CZkxDCVgXM9uKoRF2DvNydj4yuwZ6+JjK8QssHI8Q==",
      "peerDependencies": {
        "@pixi/assets": "7.2.4",
        "@pixi/core": "7.2.4"
      }
    },
    "node_modules/pixi.js/node_modules/@pixi/text": {
      "version": "7.2.4",
      "resolved": "https://registry.npmjs.org/@pixi/text/-/text-7.2.4.tgz",
      "integrity": "sha512-DGu7ktpe+zHhqR2sG9NsJt4mgvSObv5EqXTtUxD4Z0li1gmqF7uktpLyn5I6vSg1TTEL4TECClRDClVDGiykWw==",
      "peerDependencies": {
        "@pixi/core": "7.2.4",
        "@pixi/sprite": "7.2.4"
      }
    },
    "node_modules/pixi.js/node_modules/@pixi/text-bitmap": {
      "version": "7.2.4",
      "resolved": "https://registry.npmjs.org/@pixi/text-bitmap/-/text-bitmap-7.2.4.tgz",
      "integrity": "sha512-3u2CP4VN+muCaq/jtj7gn0hb3DET/X2S04zTBcgc2WVGufJc62yz+UDzS9jC+ellotVdt9c8U74++vpz3zJGfw==",
      "peerDependencies": {
        "@pixi/assets": "7.2.4",
        "@pixi/core": "7.2.4",
        "@pixi/display": "7.2.4",
        "@pixi/mesh": "7.2.4",
        "@pixi/text": "7.2.4"
      }
    },
    "node_modules/pixi.js/node_modules/@pixi/text-html": {
      "version": "7.2.4",
      "resolved": "https://registry.npmjs.org/@pixi/text-html/-/text-html-7.2.4.tgz",
      "integrity": "sha512-0NfLAE/w51ZtatxVqLvDS62iO0VLKsSdctqTAVv4Zlgdk9TKJmX1WUucHJboTvbm2SbDjNDGfZ6qXM5nAslIDQ==",
      "peerDependencies": {
        "@pixi/core": "7.2.4",
        "@pixi/display": "7.2.4",
        "@pixi/sprite": "7.2.4",
        "@pixi/text": "7.2.4"
      }
    },
    "node_modules/pixi.js/node_modules/@pixi/ticker": {
      "version": "7.2.4",
      "resolved": "https://registry.npmjs.org/@pixi/ticker/-/ticker-7.2.4.tgz",
      "integrity": "sha512-hQQHIHvGeFsP4GNezZqjzuhUgNQEVgCH9+qU05UX1Mc5UHC9l6OJnY4VTVhhcHxZjA6RnyaY+1zBxCnoXuazpg==",
      "dependencies": {
        "@pixi/extensions": "7.2.4",
        "@pixi/settings": "7.2.4",
        "@pixi/utils": "7.2.4"
      }
    },
    "node_modules/pixi.js/node_modules/@pixi/utils": {
      "version": "7.2.4",
      "resolved": "https://registry.npmjs.org/@pixi/utils/-/utils-7.2.4.tgz",
      "integrity": "sha512-VUGQHBOINIS4ePzoqafwxaGPVRTa3oM/mEutIIHbNGI3b+QvSO+1Dnk40M0zcH6Bo+MxQZbOZK5X/wO9oU5+LQ==",
      "dependencies": {
        "@pixi/color": "7.2.4",
        "@pixi/constants": "7.2.4",
        "@pixi/settings": "7.2.4",
        "@types/earcut": "^2.1.0",
        "earcut": "^2.2.4",
        "eventemitter3": "^4.0.0",
        "url": "^0.11.0"
      }
    },
    "node_modules/pixi.js/node_modules/eventemitter3": {
      "version": "4.0.7",
      "resolved": "https://registry.npmjs.org/eventemitter3/-/eventemitter3-4.0.7.tgz",
      "integrity": "sha512-8guHBZCwKnFhYdHr2ysuRWErTwhoN2X8XELRlrRwpmfeY2jjuUN4taQMsULKUVo1K4DvZl+0pgfyoysHxvmvEw=="
    },
    "node_modules/pstree.remy": {
      "version": "1.1.8",
      "resolved": "https://registry.npmjs.org/pstree.remy/-/pstree.remy-1.1.8.tgz",
      "integrity": "sha512-77DZwxQmxKnu3aR542U+X8FypNzbfJ+C5XQDk3uWjWxn6151aIMGthWYRXTqT1E5oJvg+ljaa2OJi+VfvCOQ8w==",
      "license": "MIT"
    },
    "node_modules/punycode": {
      "version": "1.4.1",
      "resolved": "https://registry.npmjs.org/punycode/-/punycode-1.4.1.tgz",
      "integrity": "sha512-jmYNElW7yvO7TV33CjSmvSiE2yco3bV2czu/OzDKdMNVZQWfxCblURLhf+47syQRBntjfLdd/H0egrzIG+oaFQ=="
    },
    "node_modules/qs": {
      "version": "6.11.2",
      "resolved": "https://registry.npmjs.org/qs/-/qs-6.11.2.tgz",
      "integrity": "sha512-tDNIz22aBzCDxLtVH++VnTfzxlfeK5CbqohpSqpJgj1Wg/cQbStNAz3NuqCs5vV+pjBsK4x4pN9HlVh7rcYRiA==",
      "dependencies": {
        "side-channel": "^1.0.4"
      },
      "engines": {
        "node": ">=0.6"
      },
      "funding": {
        "url": "https://github.com/sponsors/ljharb"
      }
    },
    "node_modules/readdirp": {
      "version": "3.6.0",
      "resolved": "https://registry.npmjs.org/readdirp/-/readdirp-3.6.0.tgz",
      "integrity": "sha512-hOS089on8RduqdbhvQ5Z37A0ESjsqz6qnRcffsMU3495FuTdqSm+7bhJ29JvIOsBDEEnan5DPu9t3To9VRlMzA==",
      "license": "MIT",
      "dependencies": {
        "picomatch": "^2.2.1"
      },
      "engines": {
        "node": ">=8.10.0"
      }
    },
    "node_modules/resource-loader": {
      "version": "3.0.1",
      "resolved": "https://registry.npmjs.org/resource-loader/-/resource-loader-3.0.1.tgz",
      "integrity": "sha512-fBuCRbEHdLCI1eglzQhUv9Rrdcmqkydr1r6uHE2cYHvRBrcLXeSmbE/qI/urFt8rPr/IGxir3BUwM5kUK8XoyA==",
      "peer": true,
      "dependencies": {
        "mini-signals": "^1.2.0",
        "parse-uri": "^1.0.0"
      }
    },
    "node_modules/seedrandom": {
      "version": "3.0.5",
      "resolved": "https://registry.npmjs.org/seedrandom/-/seedrandom-3.0.5.tgz",
      "integrity": "sha512-8OwmbklUNzwezjGInmZ+2clQmExQPvomqjL7LFqOYqtmuxRgQYqOD3mHaU+MvZn5FLUeVxVfQjwLZW/n/JFuqg=="
    },
    "node_modules/semver": {
      "version": "7.6.2",
      "resolved": "https://registry.npmjs.org/semver/-/semver-7.6.2.tgz",
      "integrity": "sha512-FNAIBWCx9qcRhoHcgcJ0gvU7SN1lYU2ZXuSfl04bSC5OpvDHFyJCjdNHomPXxjQlCBU67YW64PzY7/VIEH7F2w==",
      "license": "ISC",
      "bin": {
        "semver": "bin/semver.js"
      },
      "engines": {
        "node": ">=10"
      }
    },
    "node_modules/side-channel": {
      "version": "1.0.4",
      "resolved": "https://registry.npmjs.org/side-channel/-/side-channel-1.0.4.tgz",
      "integrity": "sha512-q5XPytqFEIKHkGdiMIrY10mvLRvnQh42/+GoBlFW3b2LXLE2xxJpZFdm94we0BaoV3RwJyGqg5wS7epxTv0Zvw==",
      "dependencies": {
        "call-bind": "^1.0.0",
        "get-intrinsic": "^1.0.2",
        "object-inspect": "^1.9.0"
      },
      "funding": {
        "url": "https://github.com/sponsors/ljharb"
      }
    },
    "node_modules/simple-update-notifier": {
      "version": "2.0.0",
      "resolved": "https://registry.npmjs.org/simple-update-notifier/-/simple-update-notifier-2.0.0.tgz",
      "integrity": "sha512-a2B9Y0KlNXl9u/vsW6sTIu9vGEpfKu2wRV6l1H3XEas/0gUIzGzBoP/IouTcUQbm9JWZLH3COxyn03TYlFax6w==",
      "license": "MIT",
      "dependencies": {
        "semver": "^7.5.3"
      },
      "engines": {
        "node": ">=10"
      }
    },
    "node_modules/supports-color": {
      "version": "5.5.0",
      "resolved": "https://registry.npmjs.org/supports-color/-/supports-color-5.5.0.tgz",
      "integrity": "sha512-QjVjwdXIt408MIiAqCX4oUKsgU2EqAGzs2Ppkm4aQYbjm+ZEWEcW4SfFNTr4uMNZma0ey4f5lgLrkB0aX0QMow==",
      "license": "MIT",
      "dependencies": {
        "has-flag": "^3.0.0"
      },
      "engines": {
        "node": ">=4"
      }
    },
    "node_modules/to-regex-range": {
      "version": "5.0.1",
      "resolved": "https://registry.npmjs.org/to-regex-range/-/to-regex-range-5.0.1.tgz",
      "integrity": "sha512-65P7iz6X5yEr1cwcgvQxbbIw7Uk3gOy5dIdtZ4rDveLqhrdJP+Li/Hx6tyK0NEb+2GCyneCMJiGqrADCSNk8sQ==",
      "license": "MIT",
      "dependencies": {
        "is-number": "^7.0.0"
      },
      "engines": {
        "node": ">=8.0"
      }
    },
    "node_modules/touch": {
      "version": "3.1.1",
      "resolved": "https://registry.npmjs.org/touch/-/touch-3.1.1.tgz",
      "integrity": "sha512-r0eojU4bI8MnHr8c5bNo7lJDdI2qXlWWJk6a9EAFG7vbhTjElYhBVS3/miuE0uOuoLdb8Mc/rVfsmm6eo5o9GA==",
      "license": "ISC",
      "bin": {
        "nodetouch": "bin/nodetouch.js"
      }
    },
    "node_modules/undefsafe": {
      "version": "2.0.5",
      "resolved": "https://registry.npmjs.org/undefsafe/-/undefsafe-2.0.5.tgz",
      "integrity": "sha512-WxONCrssBM8TSPRqN5EmsjVrsv4A8X12J4ArBiiayv3DyyG3ZlIg6yysuuSYdZsVz3TKcTg2fd//Ujd4CHV1iA==",
      "license": "MIT"
    },
    "node_modules/url": {
      "version": "0.11.1",
      "resolved": "https://registry.npmjs.org/url/-/url-0.11.1.tgz",
      "integrity": "sha512-rWS3H04/+mzzJkv0eZ7vEDGiQbgquI1fGfOad6zKvgYQi1SzMmhl7c/DdRGxhaWrVH6z0qWITo8rpnxK/RfEhA==",
      "dependencies": {
        "punycode": "^1.4.1",
        "qs": "^6.11.0"
      }
    }
  }
}
